
Microsoft Visual Studio Solution File, Format Version 12.00
# Visual Studio Version 16
VisualStudioVersion = 16.0.31005.135
MinimumVisualStudioVersion = 10.0.40219.1
Project("{9A19103F-16F7-4668-BE54-9A1E7A4F7556}") = "Mdparser12", "Mdparser12.csproj", "{2F450F69-437B-4685-BEE0-9A5CC1B7B5A2}"
EndProject
Project("{9A19103F-16F7-4668-BE54-9A1E7A4F7556}") = "Markdig", "..\MdMarkdig\src\Markdig\Markdig.csproj", "{8BA9D0B8-D8D8-4F52-AB8C-DB4030680FE3}"
EndProject
Global
	GlobalSection(SolutionConfigurationPlatforms) = preSolution
		Debug|Any CPU = Debug|Any CPU
		Release|Any CPU = Release|Any CPU
	EndGlobalSection
	GlobalSection(ProjectConfigurationPlatforms) = postSolution
		{2F450F69-437B-4685-BEE0-9A5CC1B7B5A2}.Debug|Any CPU.ActiveCfg = Debug|Any CPU
		{2F450F69-437B-4685-BEE0-9A5CC1B7B5A2}.Debug|Any CPU.Build.0 = Debug|Any CPU
		{2F450F69-437B-4685-BEE0-9A5CC1B7B5A2}.Release|Any CPU.ActiveCfg = Release|Any CPU
		{2F450F69-437B-4685-BEE0-9A5CC1B7B5A2}.Release|Any CPU.Build.0 = Release|Any CPU
		{8BA9D0B8-D8D8-4F52-AB8C-DB4030680FE3}.Debug|Any CPU.ActiveCfg = Debug|Any CPU
		{8BA9D0B8-D8D8-4F52-AB8C-DB4030680FE3}.Debug|Any CPU.Build.0 = Debug|Any CPU
		{8BA9D0B8-D8D8-4F52-AB8C-DB4030680FE3}.Release|Any CPU.ActiveCfg = Release|Any CPU
		{8BA9D0B8-D8D8-4F52-AB8C-DB4030680FE3}.Release|Any CPU.Build.0 = Release|Any CPU
	EndGlobalSection
	GlobalSection(SolutionProperties) = preSolution
		HideSolutionNode = FALSE
	EndGlobalSection
	GlobalSection(ExtensibilityGlobals) = postSolution
		SolutionGuid = {6E7715AA-7B0B-442E-A39E-19868A267F82}
	EndGlobalSection
EndGlobal
